// !$*UTF8*$!
{
	archiveVersion = 1;
	classes = {
	};
	objectVersion = 77;
	objects = {

/* Begin PBXContainerItemProxy section */
		AEEDC55A2F948E7E00D04595 /* PBXContainerItemProxy */ = {
			isa = PBXContainerItemProxy;
			containerPortal = AEEDC5442F948E7A00D04595 /* Project object */;
			proxyType = 1;
			remoteGlobalIDString = AEEDC54B2F948E7A00D04595;
			remoteInfo = ContentHub;
		};
		AEEDC5642F948E7E00D04595 /* PBXContainerItemProxy */ = {
			isa = PBXContainerItemProxy;
			containerPortal = AEEDC5442F948E7A00D04595 /* Project object */;
			proxyType = 1;
			remoteGlobalIDString = AEEDC54B2F948E7A00D04595;
			remoteInfo = ContentHub;
		};
/* End PBXContainerItemProxy section */

/* Begin PBXFileReference section */
		AEEDC54C2F948E7A00D04595 /* ContentHub.app */ = {isa = PBXFileReference; explicitFileType = wrapper.application; includeInIndex = 0; path = ContentHub.app; sourceTree = BUILT_PRODUCTS_DIR; };
		AEEDC5592F948E7E00D04595 /* ContentHubTests.xctest */ = {isa = PBXFileReference; explicitFileType = wrapper.cfbundle; includeInIndex = 0; path = ContentHubTests.xctest; sourceTree = BUILT_PRODUCTS_DIR; };
		AEEDC5632F948E7E00D04595 /* ContentHubUITests.xctest */ = {isa = PBXFileReference; explicitFileType = wrapper.cfbundle; includeInIndex = 0; path = ContentHubUITests.xctest; sourceTree = BUILT_PRODUCTS_DIR; };
/* End PBXFileReference section */

/* Begin PBXFileSystemSynchronizedRootGroup section */
		AEEDC54E2F948E7A00D04595 /* ContentHub */ = {
			isa = PBXFileSystemSynchronizedRootGroup;
			path = ContentHub;
			sourceTree = "<group>";
		};
		AEEDC55C2F948E7E00D04595 /* ContentHubTests */ = {
			isa = PBXFileSystemSynchronizedRootGroup;
			path = ContentHubTests;
			sourceTree = "<group>";
		};
		AEEDC5662F948E7E00D04595 /* ContentHubUITests */ = {
			isa = PBXFileSystemSynchronizedRootGroup;
			path = ContentHubUITests;
			sourceTree = "<group>";
		};
/* End PBXFileSystemSynchronizedRootGroup section */

/* Begin PBXFrameworksBuildPhase section */
		AEEDC5492F948E7A00D04595 /* Frameworks */ = {
			isa = PBXFrameworksBuildPhase;
			buildActionMask = 2147483647;
			files = (
			);
			runOnlyForDeploymentPostprocessing = 0;
		};
		AEEDC5562F948E7E00D04595 /* Frameworks */ = {
			isa = PBXFrameworksBuildPhase;
			buildActionMask = 2147483647;
			files = (
			);
			runOnlyForDeploymentPostprocessing = 0;
		};
		AEEDC5602F948E7E00D04595 /* Frameworks */ = {
			isa = PBXFrameworksBuildPhase;
			buildActionMask = 2147483647;
			files = (
			);
			runOnlyForDeploymentPostprocessing = 0;
		};
/* End PBXFrameworksBuildPhase section */

/* Begin PBXGroup section */
		AEEDC5432F948E7A00D04595 = {
			isa = PBXGroup;
			children = (
				AEEDC54E2F948E7A00D04595 /* ContentHub */,
				AEEDC55C2F948E7E00D04595 /* ContentHubTests */,
				AEEDC5662F948E7E00D04595 /* ContentHubUITests */,
				AEEDC54D2F948E7A00D04595 /* Products */,
			);
			sourceTree = "<group>";
		};
		AEEDC54D2F948E7A00D04595 /* Products */ = {
			isa = PBXGroup;
			children = (
				AEEDC54C2F948E7A00D04595 /* ContentHub.app */,
				AEEDC5592F948E7E00D04595 /* ContentHubTests.xctest */,
				AEEDC5632F948E7E00D04595 /* ContentHubUITests.xctest */,
			);
			name = Products;
			sourceTree = "<group>";
		};
/* End PBXGroup section */

/* Begin PBXNativeTarget section */
		AEEDC54B2F948E7A00D04595 /* ContentHub */ = {
			isa = PBXNativeTarget;
			buildConfigurationList = AEEDC56D2F948E7E00D04595 /* Build configuration list for PBXNativeTarget "ContentHub" */;
			buildPhases = (
				AEEDC5482F948E7A00D04595 /* Sources */,
				AEEDC5492F948E7A00D04595 /* Frameworks */,
				AEEDC54A2F948E7A00D04595 /* Resources */,
			);
			buildRules = (
			);
			dependencies = (
			);
			fileSystemSynchronizedGroups = (
				AEEDC54E2F948E7A00D04595 /* ContentHub */,
			);
			name = ContentHub;
			packageProductDependencies = (
			);
			productName = ContentHub;
			productReference = AEEDC54C2F948E7A00D04595 /* ContentHub.app */;
			productType = "com.apple.product-type.application";
		};
		AEEDC5582F948E7E00D04595 /* ContentHubTests */ = {
			isa = PBXNativeTarget;
			buildConfigurationList = AEEDC5702F948E7E00D04595 /* Build configuration list for PBXNativeTarget "ContentHubTests" */;
			buildPhases = (
				AEEDC5552F948E7E00D04595 /* Sources */,
				AEEDC5562F948E7E00D04595 /* Frameworks */,
				AEEDC5572F948E7E00D04595 /* Resources */,
			);
			buildRules = (
			);
			dependencies = (
				AEEDC55B2F948E7E00D04595 /* PBXTargetDependency */,
			);
			fileSystemSynchronizedGroups = (
				AEEDC55C2F948E7E00D04595 /* ContentHubTests */,
			);
			name = ContentHubTests;
			packageProductDependencies = (
			);
			productName = ContentHubTests;
			productReference = AEEDC5592F948E7E00D04595 /* ContentHubTests.xctest */;
			productType = "com.apple.product-type.bundle.unit-test";
		};
		AEEDC5622F948E7E00D04595 /* ContentHubUITests */ = {
			isa = PBXNativeTarget;
			buildConfigurationList = AEEDC5732F948E7E00D04595 /* Build configuration list for PBXNativeTarget "ContentHubUITests" */;
			buildPhases = (
				AEEDC55F2F948E7E00D04595 /* Sources */,
				AEEDC5602F948E7E00D04595 /* Frameworks */,
				AEEDC5612F948E7E00D04595 /* Resources */,
			);
			buildRules = (
			);
			dependencies = (
				AEEDC5652F948E7E00D04595 /* PBXTargetDependency */,
			);
			fileSystemSynchronizedGroups = (
				AEEDC5662F948E7E00D04595 /* ContentHubUITests */,
			);
			name = ContentHubUITests;
			packageProductDependencies = (
			);
			productName = ContentHubUITests;
			productReference = AEEDC5632F948E7E00D04595 /* ContentHubUITests.xctest */;
			productType = "com.apple.product-type.bundle.ui-testing";
		};
/* End PBXNativeTarget section */

/* Begin PBXProject section */
		AEEDC5442F948E7A00D04595 /* Project object */ = {
			isa = PBXProject;
			attributes = {
				BuildIndependentTargetsInParallel = 1;
				LastSwiftUpdateCheck = 2640;
				LastUpgradeCheck = 2640;
				TargetAttributes = {
					AEEDC54B2F948E7A00D04595 = {
						CreatedOnToolsVersion = 26.4;
					};
					AEEDC5582F948E7E00D04595 = {
						CreatedOnToolsVersion = 26.4;
						TestTargetID = AEEDC54B2F948E7A00D04595;
					};
					AEEDC5622F948E7E00D04595 = {
						CreatedOnToolsVersion = 26.4;
						TestTargetID = AEEDC54B2F948E7A00D04595;
					};
				};
			};
			buildConfigurationList = AEEDC5472F948E7A00D04595 /* Build configuration list for PBXProject "ContentHub" */;
			developmentRegion = en;
			hasScannedForEncodings = 0;
			knownRegions = (
				en,
				Base,
			);
			mainGroup = AEEDC5432F948E7A00D04595;
			minimizedProjectReferenceProxies = 1;
			preferredProjectObjectVersion = 77;
			productRefGroup = AEEDC54D2F948E7A00D04595 /* Products */;
			projectDirPath = "";
			projectRoot = "";
			targets = (
				AEEDC54B2F948E7A00D04595 /* ContentHub */,
				AEEDC5582F948E7E00D04595 /* ContentHubTests */,
				AEEDC5622F948E7E00D04595 /* ContentHubUITests */,
			);
		};
/* End PBXProject section */

/* Begin PBXResourcesBuildPhase section */
		AEEDC54A2F948E7A00D04595 /* Resources */ = {
			isa = PBXResourcesBuildPhase;
			buildActionMask = 2147483647;
			files = (
			);
			runOnlyForDeploymentPostprocessing = 0;
		};
		AEEDC5572F948E7E00D04595 /* Resources */ = {
			isa = PBXResourcesBuildPhase;
			buildActionMask = 2147483647;
			files = (
			);
			runOnlyForDeploymentPostprocessing = 0;
		};
		AEEDC5612F948E7E00D04595 /* Resources */ = {
			isa = PBXResourcesBuildPhase;
			buildActionMask = 2147483647;
			files = (
			);
			runOnlyForDeploymentPostprocessing = 0;
		};
/* End PBXResourcesBuildPhase section */

/* Begin PBXSourcesBuildPhase section */
		AEEDC5482F948E7A00D04595 /* Sources */ = {
			isa = PBXSourcesBuildPhase;
			buildActionMask = 2147483647;
			files = (
			);
			runOnlyForDeploymentPostprocessing = 0;
		};
		AEEDC5552F948E7E00D04595 /* Sources */ = {
			isa = PBXSourcesBuildPhase;
			buildActionMask = 2147483647;
			files = (
			);
			runOnlyForDeploymentPostprocessing = 0;
		};
		AEEDC55F2F948E7E00D04595 /* Sources */ = {
			isa = PBXSourcesBuildPhase;
			buildActionMask = 2147483647;
			files = (
			);
			runOnlyForDeploymentPostprocessing = 0;
		};
/* End PBXSourcesBuildPhase section */

/* Begin PBXTargetDependency section */
		AEEDC55B2F948E7E00D04595 /* PBXTargetDependency */ = {
			isa = PBXTargetDependency;
			target = AEEDC54B2F948E7A00D04595 /* ContentHub */;
			targetProxy = AEEDC55A2F948E7E00D04595 /* PBXContainerItemProxy */;
		};
		AEEDC5652F948E7E00D04595 /* PBXTargetDependency */ = {
			isa = PBXTargetDependency;
			target = AEEDC54B2F948E7A00D04595 /* ContentHub */;
			targetProxy = AEEDC5642F948E7E00D04595 /* PBXContainerItemProxy */;
		};
/* End PBXTargetDependency section */

/* Begin XCBuildConfiguration section */
		AEEDC56B2F948E7E00D04595 /* Debug */ = {
			isa = XCBuildConfiguration;
			buildSettings = {
				ALWAYS_SEARCH_USER_PATHS = NO;
				ASSETCATALOG_COMPILER_GENERATE_SWIFT_ASSET_SYMBOL_EXTENSIONS = YES;
				CLANG_ANALYZER_NONNULL = YES;
				CLANG_ANALYZER_NUMBER_OBJECT_CONVERSION = YES_AGGRESSIVE;
				CLANG_CXX_LANGUAGE_STANDARD = "gnu++20";
				CLANG_ENABLE_MODULES = YES;
				CLANG_ENABLE_OBJC_ARC = YES;
				CLANG_ENABLE_OBJC_WEAK = YES;
				CLANG_WARN_BLOCK_CAPTURE_AUTORELEASING = YES;
				CLANG_WARN_BOOL_CONVERSION = YES;
				CLANG_WARN_COMMA = YES;
				CLANG_WARN_CONSTANT_CONVERSION = YES;
				CLANG_WARN_DEPRECATED_OBJC_IMPLEMENTATIONS = YES;
				CLANG_WARN_DIRECT_OBJC_ISA_USAGE = YES_ERROR;
				CLANG_WARN_DOCUMENTATION_COMMENTS = YES;
				CLANG_WARN_EMPTY_BODY = YES;
				CLANG_WARN_ENUM_CONVERSION = YES;
				CLANG_WARN_INFINITE_RECURSION = YES;
				CLANG_WARN_INT_CONVERSION = YES;
				CLANG_WARN_NON_LITERAL_NULL_CONVERSION = YES;
				CLANG_WARN_OBJC_IMPLICIT_RETAIN_SELF = YES;
				CLANG_WARN_OBJC_LITERAL_CONVERSION = YES;
				CLANG_WARN_OBJC_ROOT_CLASS = YES_ERROR;
				CLANG_WARN_QUOTED_INCLUDE_IN_FRAMEWORK_HEADER = YES;
				CLANG_WARN_RANGE_LOOP_ANALYSIS = YES;
				CLANG_WARN_STRICT_PROTOTYPES = YES;
				CLANG_WARN_SUSPICIOUS_MOVE = YES;
				CLANG_WARN_UNGUARDED_AVAILABILITY = YES_AGGRESSIVE;
				CLANG_WARN_UNREACHABLE_CODE = YES;
				CLANG_WARN__DUPLICATE_METHOD_MATCH = YES;
				COPY_PHASE_STRIP = NO;
				DEBUG_INFORMATION_FORMAT = dwarf;
				DEVELOPMENT_TEAM = J924GWS9NA;
				ENABLE_STRICT_OBJC_MSGSEND = YES;
				ENABLE_TESTABILITY = YES;
				ENABLE_USER_SCRIPT_SANDBOXING = YES;
				GCC_C_LANGUAGE_STANDARD = gnu17;
				GCC_DYNAMIC_NO_PIC = NO;
				GCC_NO_COMMON_BLOCKS = YES;
				GCC_OPTIMIZATION_LEVEL = 0;
				GCC_PREPROCESSOR_DEFINITIONS = (
					"DEBUG=1",
					"$(inherited)",
				);
				GCC_WARN_64_TO_32_BIT_CONVERSION = YES;
				GCC_WARN_ABOUT_RETURN_TYPE = YES_ERROR;
				GCC_WARN_UNDECLARED_SELECTOR = YES;
				GCC_WARN_UNINITIALIZED_AUTOS = YES_AGGRESSIVE;
				GCC_WARN_UNUSED_FUNCTION = YES;
				GCC_WARN_UNUSED_VARIABLE = YES;
				LOCALIZATION_PREFERS_STRING_CATALOGS = YES;
				MTL_ENABLE_DEBUG_INFO = INCLUDE_SOURCE;
				MTL_FAST_MATH = YES;
				ONLY_ACTIVE_ARCH = YES;
				SDKROOT = appletvos;
				SWIFT_ACTIVE_COMPILATION_CONDITIONS = "DEBUG $(inherited)";
				SWIFT_OPTIMIZATION_LEVEL = "-Onone";
				TVOS_DEPLOYMENT_TARGET = 26.4;
			};
			name = Debug;
		};
		AEEDC56C2F948E7E00D04595 /* Release */ = {
			isa = XCBuildConfiguration;
			buildSettings = {
				ALWAYS_SEARCH_USER_PATHS = NO;
				ASSETCATALOG_COMPILER_GENERATE_SWIFT_ASSET_SYMBOL_EXTENSIONS = YES;
				CLANG_ANALYZER_NONNULL = YES;
				CLANG_ANALYZER_NUMBER_OBJECT_CONVERSION = YES_AGGRESSIVE;
				CLANG_CXX_LANGUAGE_STANDARD = "gnu++20";
				CLANG_ENABLE_MODULES = YES;
				CLANG_ENABLE_OBJC_ARC = YES;
				CLANG_ENABLE_OBJC_WEAK = YES;
				CLANG_WARN_BLOCK_CAPTURE_AUTORELEASING = YES;
				CLANG_WARN_BOOL_CONVERSION = YES;
				CLANG_WARN_COMMA = YES;
				CLANG_WARN_CONSTANT_CONVERSION = YES;
				CLANG_WARN_DEPRECATED_OBJC_IMPLEMENTATIONS = YES;
				CLANG_WARN_DIRECT_OBJC_ISA_USAGE = YES_ERROR;
				CLANG_WARN_DOCUMENTATION_COMMENTS = YES;
				CLANG_WARN_EMPTY_BODY = YES;
				CLANG_WARN_ENUM_CONVERSION = YES;
				CLANG_WARN_INFINITE_RECURSION = YES;
				CLANG_WARN_INT_CONVERSION = YES;
				CLANG_WARN_NON_LITERAL_NULL_CONVERSION = YES;
				CLANG_WARN_OBJC_IMPLICIT_RETAIN_SELF = YES;
				CLANG_WARN_OBJC_LITERAL_CONVERSION = YES;
				CLANG_WARN_OBJC_ROOT_CLASS = YES_ERROR;
				CLANG_WARN_QUOTED_INCLUDE_IN_FRAMEWORK_HEADER = YES;
				CLANG_WARN_RANGE_LOOP_ANALYSIS = YES;
				CLANG_WARN_STRICT_PROTOTYPES = YES;
				CLANG_WARN_SUSPICIOUS_MOVE = YES;
				CLANG_WARN_UNGUARDED_AVAILABILITY = YES_AGGRESSIVE;
				CLANG_WARN_UNREACHABLE_CODE = YES;
				CLANG_WARN__DUPLICATE_METHOD_MATCH = YES;
				COPY_PHASE_STRIP = NO;
				DEBUG_INFORMATION_FORMAT = "dwarf-with-dsym";
				DEVELOPMENT_TEAM = J924GWS9NA;
				ENABLE_NS_ASSERTIONS = NO;
				ENABLE_STRICT_OBJC_MSGSEND = YES;
				ENABLE_USER_SCRIPT_SANDBOXING = YES;
				GCC_C_LANGUAGE_STANDARD = gnu17;
				GCC_NO_COMMON_BLOCKS = YES;
				GCC_WARN_64_TO_32_BIT_CONVERSION = YES;
				GCC_WARN_ABOUT_RETURN_TYPE = YES_ERROR;
				GCC_WARN_UNDECLARED_SELECTOR = YES;
				GCC_WARN_UNINITIALIZED_AUTOS = YES_AGGRESSIVE;
				GCC_WARN_UNUSED_FUNCTION = YES;
				GCC_WARN_UNUSED_VARIABLE = YES;
				LOCALIZATION_PREFERS_STRING_CATALOGS = YES;
				MTL_ENABLE_DEBUG_INFO = NO;
				MTL_FAST_MATH = YES;
				SDKROOT = appletvos;
				SWIFT_COMPILATION_MODE = wholemodule;
				TVOS_DEPLOYMENT_TARGET = 26.4;
				VALIDATE_PRODUCT = YES;
			};
			name = Release;
		};
		AEEDC56E2F948E7E00D04595 /* Debug */ = {
			isa = XCBuildConfiguration;
			buildSettings = {
				ASSETCATALOG_COMPILER_APPICON_NAME = "App Icon & Top Shelf Image";
				ASSETCATALOG_COMPILER_GLOBAL_ACCENT_COLOR_NAME = AccentColor;
				CODE_SIGN_STYLE = Automatic;
				CURRENT_PROJECT_VERSION = 1;
				DEVELOPMENT_TEAM = J924GWS9NA;
				ENABLE_PREVIEWS = YES;
				GENERATE_INFOPLIST_FILE = YES;
				INFOPLIST_KEY_UILaunchScreen_Generation = YES;
				INFOPLIST_KEY_UIUserInterfaceStyle = Automatic;
				LD_RUNPATH_SEARCH_PATHS = (
					"$(inherited)",
					"@executable_path/Frameworks",
				);
				MARKETING_VERSION = 1.0;
				PRODUCT_BUNDLE_IDENTIFIER = joaoalvess.ContentHub;
				PRODUCT_NAME = "$(TARGET_NAME)";
				STRING_CATALOG_GENERATE_SYMBOLS = YES;
				SWIFT_APPROACHABLE_CONCURRENCY = YES;
				SWIFT_DEFAULT_ACTOR_ISOLATION = MainActor;
				SWIFT_EMIT_LOC_STRINGS = YES;
				SWIFT_UPCOMING_FEATURE_MEMBER_IMPORT_VISIBILITY = YES;
				SWIFT_VERSION = 5.0;
				TARGETED_DEVICE_FAMILY = 3;
			};
			name = Debug;
		};
		AEEDC56F2F948E7E00D04595 /* Release */ = {
			isa = XCBuildConfiguration;
			buildSettings = {
				ASSETCATALOG_COMPILER_APPICON_NAME = "App Icon & Top Shelf Image";
				ASSETCATALOG_COMPILER_GLOBAL_ACCENT_COLOR_NAME = AccentColor;
				CODE_SIGN_STYLE = Automatic;
				CURRENT_PROJECT_VERSION = 1;
				DEVELOPMENT_TEAM = J924GWS9NA;
				ENABLE_PREVIEWS = YES;
				GENERATE_INFOPLIST_FILE = YES;
				INFOPLIST_KEY_UILaunchScreen_Generation = YES;
				INFOPLIST_KEY_UIUserInterfaceStyle = Automatic;
				LD_RUNPATH_SEARCH_PATHS = (
					"$(inherited)",
					"@executable_path/Frameworks",
				);
				MARKETING_VERSION = 1.0;
				PRODUCT_BUNDLE_IDENTIFIER = joaoalvess.ContentHub;
				PRODUCT_NAME = "$(TARGET_NAME)";
				STRING_CATALOG_GENERATE_SYMBOLS = YES;
				SWIFT_APPROACHABLE_CONCURRENCY = YES;
				SWIFT_DEFAULT_ACTOR_ISOLATION = MainActor;
				SWIFT_EMIT_LOC_STRINGS = YES;
				SWIFT_UPCOMING_FEATURE_MEMBER_IMPORT_VISIBILITY = YES;
				SWIFT_VERSION = 5.0;
				TARGETED_DEVICE_FAMILY = 3;
			};
			name = Release;
		};
		AEEDC5712F948E7E00D04595 /* Debug */ = {
			isa = XCBuildConfiguration;
			buildSettings = {
				BUNDLE_LOADER = "$(TEST_HOST)";
				CODE_SIGN_STYLE = Automatic;
				CURRENT_PROJECT_VERSION = 1;
				DEVELOPMENT_TEAM = J924GWS9NA;
				GENERATE_INFOPLIST_FILE = YES;
				MARKETING_VERSION = 1.0;
				PRODUCT_BUNDLE_IDENTIFIER = joaoalvess.ContentHubTests;
				PRODUCT_NAME = "$(TARGET_NAME)";
				STRING_CATALOG_GENERATE_SYMBOLS = NO;
				SWIFT_APPROACHABLE_CONCURRENCY = YES;
				SWIFT_EMIT_LOC_STRINGS = NO;
				SWIFT_UPCOMING_FEATURE_MEMBER_IMPORT_VISIBILITY = YES;
				SWIFT_VERSION = 5.0;
				TARGETED_DEVICE_FAMILY = 3;
				TEST_HOST = "$(BUILT_PRODUCTS_DIR)/ContentHub.app/$(BUNDLE_EXECUTABLE_FOLDER_PATH)/ContentHub";
				TVOS_DEPLOYMENT_TARGET = 26.4;
			};
			name = Debug;
		};
		AEEDC5722F948E7E00D04595 /* Release */ = {
			isa = XCBuildConfiguration;
			buildSettings = {
				BUNDLE_LOADER = "$(TEST_HOST)";
				CODE_SIGN_STYLE = Automatic;
				CURRENT_PROJECT_VERSION = 1;
				DEVELOPMENT_TEAM = J924GWS9NA;
				GENERATE_INFOPLIST_FILE = YES;
				MARKETING_VERSION = 1.0;
				PRODUCT_BUNDLE_IDENTIFIER = joaoalvess.ContentHubTests;
				PRODUCT_NAME = "$(TARGET_NAME)";
				STRING_CATALOG_GENERATE_SYMBOLS = NO;
				SWIFT_APPROACHABLE_CONCURRENCY = YES;
				SWIFT_EMIT_LOC_STRINGS = NO;
				SWIFT_UPCOMING_FEATURE_MEMBER_IMPORT_VISIBILITY = YES;
				SWIFT_VERSION = 5.0;
				TARGETED_DEVICE_FAMILY = 3;
				TEST_HOST = "$(BUILT_PRODUCTS_DIR)/ContentHub.app/$(BUNDLE_EXECUTABLE_FOLDER_PATH)/ContentHub";
				TVOS_DEPLOYMENT_TARGET = 26.4;
			};
			name = Release;
		};
		AEEDC5742F948E7E00D04595 /* Debug */ = {
			isa = XCBuildConfiguration;
			buildSettings = {
				CODE_SIGN_STYLE = Automatic;
				CURRENT_PROJECT_VERSION = 1;
				DEVELOPMENT_TEAM = J924GWS9NA;
				GENERATE_INFOPLIST_FILE = YES;
				MARKETING_VERSION = 1.0;
				PRODUCT_BUNDLE_IDENTIFIER = joaoalvess.ContentHubUITests;
				PRODUCT_NAME = "$(TARGET_NAME)";
				STRING_CATALOG_GENERATE_SYMBOLS = NO;
				SWIFT_APPROACHABLE_CONCURRENCY = YES;
				SWIFT_EMIT_LOC_STRINGS = NO;
				SWIFT_UPCOMING_FEATURE_MEMBER_IMPORT_VISIBILITY = YES;
				SWIFT_VERSION = 5.0;
				TARGETED_DEVICE_FAMILY = 3;
				TEST_TARGET_NAME = ContentHub;
			};
			name = Debug;
		};
		AEEDC5752F948E7E00D04595 /* Release */ = {
			isa = XCBuildConfiguration;
			buildSettings = {
				CODE_SIGN_STYLE = Automatic;
				CURRENT_PROJECT_VERSION = 1;
				DEVELOPMENT_TEAM = J924GWS9NA;
				GENERATE_INFOPLIST_FILE = YES;
				MARKETING_VERSION = 1.0;
				PRODUCT_BUNDLE_IDENTIFIER = joaoalvess.ContentHubUITests;
				PRODUCT_NAME = "$(TARGET_NAME)";
				STRING_CATALOG_GENERATE_SYMBOLS = NO;
				SWIFT_APPROACHABLE_CONCURRENCY = YES;
				SWIFT_EMIT_LOC_STRINGS = NO;
				SWIFT_UPCOMING_FEATURE_MEMBER_IMPORT_VISIBILITY = YES;
				SWIFT_VERSION = 5.0;
				TARGETED_DEVICE_FAMILY = 3;
				TEST_TARGET_NAME = ContentHub;
			};
			name = Release;
		};
/* End XCBuildConfiguration section */

/* Begin XCConfigurationList section */
		AEEDC5472F948E7A00D04595 /* Build configuration list for PBXProject "ContentHub" */ = {
			isa = XCConfigurationList;
			buildConfigurations = (
				AEEDC56B2F948E7E00D04595 /* Debug */,
				AEEDC56C2F948E7E00D04595 /* Release */,
			);
			defaultConfigurationIsVisible = 0;
			defaultConfigurationName = Release;
		};
		AEEDC56D2F948E7E00D04595 /* Build configuration list for PBXNativeTarget "ContentHub" */ = {
			isa = XCConfigurationList;
			buildConfigurations = (
				AEEDC56E2F948E7E00D04595 /* Debug */,
				AEEDC56F2F948E7E00D04595 /* Release */,
			);
			defaultConfigurationIsVisible = 0;
			defaultConfigurationName = Release;
		};
		AEEDC5702F948E7E00D04595 /* Build configuration list for PBXNativeTarget "ContentHubTests" */ = {
			isa = XCConfigurationList;
			buildConfigurations = (
				AEEDC5712F948E7E00D04595 /* Debug */,
				AEEDC5722F948E7E00D04595 /* Release */,
			);
			defaultConfigurationIsVisible = 0;
			defaultConfigurationName = Release;
		};
		AEEDC5732F948E7E00D04595 /* Build configuration list for PBXNativeTarget "ContentHubUITests" */ = {
			isa = XCConfigurationList;
			buildConfigurations = (
				AEEDC5742F948E7E00D04595 /* Debug */,
				AEEDC5752F948E7E00D04595 /* Release */,
			);
			defaultConfigurationIsVisible = 0;
			defaultConfigurationName = Release;
		};
/* End XCConfigurationList section */
	};
	rootObject = AEEDC5442F948E7A00D04595 /* Project object */;
}
